
Microsoft Visual Studio Solution File, Format Version 12.00
# Visual Studio 15
VisualStudioVersion = 15.0.28307.168
MinimumVisualStudioVersion = 10.0.40219.1
Project("{FAE04EC0-301F-11D3-BF4B-00C04F79EFBC}") = "CosmosPreview", "CosmosPreview\CosmosPreview.csproj", "{86D3A364-EB5F-4B40-A7D8-514866B3DCBE}"
EndProject
Global
	GlobalSection(SolutionConfigurationPlatforms) = preSolution
		Debug|Any CPU = Debug|Any CPU
		Release|Any CPU = Release|Any CPU
	EndGlobalSection
	GlobalSection(ProjectConfigurationPlatforms) = postSolution
		{86D3A364-EB5F-4B40-A7D8-514866B3DCBE}.Debug|Any CPU.ActiveCfg = Debug|Any CPU
		{86D3A364-EB5F-4B40-A7D8-514866B3DCBE}.Debug|Any CPU.Build.0 = Debug|Any CPU
		{86D3A364-EB5F-4B40-A7D8-514866B3DCBE}.Release|Any CPU.ActiveCfg = Release|Any CPU
		{86D3A364-EB5F-4B40-A7D8-514866B3DCBE}.Release|Any CPU.Build.0 = Release|Any CPU
	EndGlobalSection
	GlobalSection(SolutionProperties) = preSolution
		HideSolutionNode = FALSE
	EndGlobalSection
	GlobalSection(ExtensibilityGlobals) = postSolution
		SolutionGuid = {FF79524D-139B-4DF4-9F14-3D35C7317804}
	EndGlobalSection
EndGlobal
